
Microsoft Visual Studio Solution File, Format Version 12.00
# Visual Studio 2013
VisualStudioVersion = 12.0.30110.0
MinimumVisualStudioVersion = 10.0.40219.1
Project("{FAE04EC0-301F-11D3-BF4B-00C04F79EFBC}") = "API", "LaserSportDataAPI\API.csproj", "{33E773A4-54D6-4E74-AE57-D66ABCC43C52}"
EndProject
Project("{FAE04EC0-301F-11D3-BF4B-00C04F79EFBC}") = "Interfaces", "LaserSportDataInterfaces\Interfaces.csproj", "{A5897E65-6EB0-4178-92D9-220EC654589A}"
EndProject
Project("{FAE04EC0-301F-11D3-BF4B-00C04F79EFBC}") = "SystemObjects.Sample", "LaserSportDataAPI.ScoreMethod.Sample\SystemObjects.Sample.csproj", "{6A28755A-FF4C-402B-9D33-B3A65BAA8216}"
EndProject
Project("{FAE04EC0-301F-11D3-BF4B-00C04F79EFBC}") = "SystemObjects.A20XXv2", "LaserSportDataAPI.ScoreMethod.A20XXv2\SystemObjects.A20XXv2.csproj", "{7FC26093-2E40-48C9-8D9F-21E4308A72DE}"
EndProject
Project("{FAE04EC0-301F-11D3-BF4B-00C04F79EFBC}") = "CLI", "LaserSportDataAPI.CLI\CLI.csproj", "{0F7722FF-64A1-4E08-848D-C060B1D2C292}"
EndProject
Global
	GlobalSection(SolutionConfigurationPlatforms) = preSolution
		Debug|Any CPU = Debug|Any CPU
		Development|Any CPU = Development|Any CPU
		Local|Any CPU = Local|Any CPU
		Release|Any CPU = Release|Any CPU
	EndGlobalSection
	GlobalSection(ProjectConfigurationPlatforms) = postSolution
		{33E773A4-54D6-4E74-AE57-D66ABCC43C52}.Debug|Any CPU.ActiveCfg = Development|Any CPU
		{33E773A4-54D6-4E74-AE57-D66ABCC43C52}.Debug|Any CPU.Build.0 = Development|Any CPU
		{33E773A4-54D6-4E74-AE57-D66ABCC43C52}.Development|Any CPU.ActiveCfg = Development|Any CPU
		{33E773A4-54D6-4E74-AE57-D66ABCC43C52}.Development|Any CPU.Build.0 = Development|Any CPU
		{33E773A4-54D6-4E74-AE57-D66ABCC43C52}.Local|Any CPU.ActiveCfg = Local|Any CPU
		{33E773A4-54D6-4E74-AE57-D66ABCC43C52}.Local|Any CPU.Build.0 = Local|Any CPU
		{33E773A4-54D6-4E74-AE57-D66ABCC43C52}.Release|Any CPU.ActiveCfg = Release|Any CPU
		{33E773A4-54D6-4E74-AE57-D66ABCC43C52}.Release|Any CPU.Build.0 = Release|Any CPU
		{A5897E65-6EB0-4178-92D9-220EC654589A}.Debug|Any CPU.ActiveCfg = Development|Any CPU
		{A5897E65-6EB0-4178-92D9-220EC654589A}.Debug|Any CPU.Build.0 = Development|Any CPU
		{A5897E65-6EB0-4178-92D9-220EC654589A}.Development|Any CPU.ActiveCfg = Development|Any CPU
		{A5897E65-6EB0-4178-92D9-220EC654589A}.Development|Any CPU.Build.0 = Development|Any CPU
		{A5897E65-6EB0-4178-92D9-220EC654589A}.Local|Any CPU.ActiveCfg = Local|Any CPU
		{A5897E65-6EB0-4178-92D9-220EC654589A}.Local|Any CPU.Build.0 = Local|Any CPU
		{A5897E65-6EB0-4178-92D9-220EC654589A}.Release|Any CPU.ActiveCfg = Release|Any CPU
		{A5897E65-6EB0-4178-92D9-220EC654589A}.Release|Any CPU.Build.0 = Release|Any CPU
		{6A28755A-FF4C-402B-9D33-B3A65BAA8216}.Debug|Any CPU.ActiveCfg = Development|Any CPU
		{6A28755A-FF4C-402B-9D33-B3A65BAA8216}.Debug|Any CPU.Build.0 = Development|Any CPU
		{6A28755A-FF4C-402B-9D33-B3A65BAA8216}.Development|Any CPU.ActiveCfg = Development|Any CPU
		{6A28755A-FF4C-402B-9D33-B3A65BAA8216}.Development|Any CPU.Build.0 = Development|Any CPU
		{6A28755A-FF4C-402B-9D33-B3A65BAA8216}.Local|Any CPU.ActiveCfg = Local|Any CPU
		{6A28755A-FF4C-402B-9D33-B3A65BAA8216}.Local|Any CPU.Build.0 = Local|Any CPU
		{6A28755A-FF4C-402B-9D33-B3A65BAA8216}.Release|Any CPU.ActiveCfg = Release|Any CPU
		{6A28755A-FF4C-402B-9D33-B3A65BAA8216}.Release|Any CPU.Build.0 = Release|Any CPU
		{7FC26093-2E40-48C9-8D9F-21E4308A72DE}.Debug|Any CPU.ActiveCfg = Development|Any CPU
		{7FC26093-2E40-48C9-8D9F-21E4308A72DE}.Debug|Any CPU.Build.0 = Development|Any CPU
		{7FC26093-2E40-48C9-8D9F-21E4308A72DE}.Development|Any CPU.ActiveCfg = Development|Any CPU
		{7FC26093-2E40-48C9-8D9F-21E4308A72DE}.Development|Any CPU.Build.0 = Development|Any CPU
		{7FC26093-2E40-48C9-8D9F-21E4308A72DE}.Local|Any CPU.ActiveCfg = Local|Any CPU
		{7FC26093-2E40-48C9-8D9F-21E4308A72DE}.Local|Any CPU.Build.0 = Local|Any CPU
		{7FC26093-2E40-48C9-8D9F-21E4308A72DE}.Release|Any CPU.ActiveCfg = Release|Any CPU
		{7FC26093-2E40-48C9-8D9F-21E4308A72DE}.Release|Any CPU.Build.0 = Release|Any CPU
		{0F7722FF-64A1-4E08-848D-C060B1D2C292}.Debug|Any CPU.ActiveCfg = Debug|Any CPU
		{0F7722FF-64A1-4E08-848D-C060B1D2C292}.Debug|Any CPU.Build.0 = Debug|Any CPU
		{0F7722FF-64A1-4E08-848D-C060B1D2C292}.Development|Any CPU.ActiveCfg = Development|Any CPU
		{0F7722FF-64A1-4E08-848D-C060B1D2C292}.Development|Any CPU.Build.0 = Development|Any CPU
		{0F7722FF-64A1-4E08-848D-C060B1D2C292}.Local|Any CPU.ActiveCfg = Local|Any CPU
		{0F7722FF-64A1-4E08-848D-C060B1D2C292}.Local|Any CPU.Build.0 = Local|Any CPU
		{0F7722FF-64A1-4E08-848D-C060B1D2C292}.Release|Any CPU.ActiveCfg = Release|Any CPU
		{0F7722FF-64A1-4E08-848D-C060B1D2C292}.Release|Any CPU.Build.0 = Release|Any CPU
	EndGlobalSection
	GlobalSection(SolutionProperties) = preSolution
		HideSolutionNode = FALSE
	EndGlobalSection
EndGlobal
